// !$*UTF8*$!
{
	archiveVersion = 1;
	classes = {
	};
	objectVersion = 50;
	objects = {

/* Begin PBXBuildFile section */
		248C74715FC6195A6B30D6E3 /* Pods_DependencyInjectionResolver.framework in Frameworks */ = {isa = PBXBuildFile; fileRef = B8AB5DE0A350EFFAC69C6CB0 /* Pods_DependencyInjectionResolver.framework */; };
		C1313E652352C3FB00E53789 /* Category.framework in Frameworks */ = {isa = PBXBuildFile; fileRef = C1313E642352C3FB00E53789 /* Category.framework */; };
		C1313E662352C3FB00E53789 /* Category.framework in Embed Frameworks */ = {isa = PBXBuildFile; fileRef = C1313E642352C3FB00E53789 /* Category.framework */; settings = {ATTRIBUTES = (CodeSignOnCopy, RemoveHeadersOnCopy, ); }; };
		C198840E235229D200A15114 /* DependencyInjectionResolver.framework in Frameworks */ = {isa = PBXBuildFile; fileRef = C1988404235229D200A15114 /* DependencyInjectionResolver.framework */; };
		C1988413235229D200A15114 /* DependencyInjectionResolverTests.swift in Sources */ = {isa = PBXBuildFile; fileRef = C1988412235229D200A15114 /* DependencyInjectionResolverTests.swift */; };
		C1988415235229D200A15114 /* DependencyInjectionResolver.h in Headers */ = {isa = PBXBuildFile; fileRef = C1988407235229D200A15114 /* DependencyInjectionResolver.h */; settings = {ATTRIBUTES = (Public, ); }; };
		C1A984752352B2B200C438C8 /* DependencyInjectionPort.swift in Sources */ = {isa = PBXBuildFile; fileRef = C1A984742352B2B200C438C8 /* DependencyInjectionPort.swift */; };
		C1A9847B2352B81200C438C8 /* DependencyInjectionResolver+Injection.swift in Sources */ = {isa = PBXBuildFile; fileRef = C1A9847A2352B81200C438C8 /* DependencyInjectionResolver+Injection.swift */; };
		C1A9847D2352B84000C438C8 /* DependencyInjectionResolver.swift in Sources */ = {isa = PBXBuildFile; fileRef = C1A9847C2352B84000C438C8 /* DependencyInjectionResolver.swift */; };
		C1C25EFA235235BB008ACEF0 /* Authentication.framework in Frameworks */ = {isa = PBXBuildFile; fileRef = C1C25EF7235235BB008ACEF0 /* Authentication.framework */; };
		C1C25EFB235235BB008ACEF0 /* Authentication.framework in Embed Frameworks */ = {isa = PBXBuildFile; fileRef = C1C25EF7235235BB008ACEF0 /* Authentication.framework */; settings = {ATTRIBUTES = (CodeSignOnCopy, RemoveHeadersOnCopy, ); }; };
		C1C25EFC235235BB008ACEF0 /* Domain.framework in Frameworks */ = {isa = PBXBuildFile; fileRef = C1C25EF8235235BB008ACEF0 /* Domain.framework */; };
		C1C25EFD235235BB008ACEF0 /* Domain.framework in Embed Frameworks */ = {isa = PBXBuildFile; fileRef = C1C25EF8235235BB008ACEF0 /* Domain.framework */; settings = {ATTRIBUTES = (CodeSignOnCopy, RemoveHeadersOnCopy, ); }; };
		C1C25EFE235235BB008ACEF0 /* PlatformFirebase.framework in Frameworks */ = {isa = PBXBuildFile; fileRef = C1C25EF9235235BB008ACEF0 /* PlatformFirebase.framework */; };
		C1C25EFF235235BB008ACEF0 /* PlatformFirebase.framework in Embed Frameworks */ = {isa = PBXBuildFile; fileRef = C1C25EF9235235BB008ACEF0 /* PlatformFirebase.framework */; settings = {ATTRIBUTES = (CodeSignOnCopy, RemoveHeadersOnCopy, ); }; };
/* End PBXBuildFile section */

/* Begin PBXContainerItemProxy section */
		C198840F235229D200A15114 /* PBXContainerItemProxy */ = {
			isa = PBXContainerItemProxy;
			containerPortal = C19883FB235229D200A15114 /* Project object */;
			proxyType = 1;
			remoteGlobalIDString = C1988403235229D200A15114;
			remoteInfo = DependencyInjectionResolver;
		};
/* End PBXContainerItemProxy section */

/* Begin PBXCopyFilesBuildPhase section */
		C1C25F00235235BB008ACEF0 /* Embed Frameworks */ = {
			isa = PBXCopyFilesBuildPhase;
			buildActionMask = 2147483647;
			dstPath = "";
			dstSubfolderSpec = 10;
			files = (
				C1313E662352C3FB00E53789 /* Category.framework in Embed Frameworks */,
				C1C25EFD235235BB008ACEF0 /* Domain.framework in Embed Frameworks */,
				C1C25EFF235235BB008ACEF0 /* PlatformFirebase.framework in Embed Frameworks */,
				C1C25EFB235235BB008ACEF0 /* Authentication.framework in Embed Frameworks */,
			);
			name = "Embed Frameworks";
			runOnlyForDeploymentPostprocessing = 0;
		};
/* End PBXCopyFilesBuildPhase section */

/* Begin PBXFileReference section */
		0A58514AE2CD86CD4F280A76 /* Pods-DependencyInjectionResolverTests.release(development).xcconfig */ = {isa = PBXFileReference; includeInIndex = 1; lastKnownFileType = text.xcconfig; name = "Pods-DependencyInjectionResolverTests.release(development).xcconfig"; path = "../Pods/Target Support Files/Pods-DependencyInjectionResolverTests/Pods-DependencyInjectionResolverTests.release(development).xcconfig"; sourceTree = "<group>"; };
		0DE4E9784CDA610AD21395D0 /* Pods-DependencyInjectionResolver.debug(development).xcconfig */ = {isa = PBXFileReference; includeInIndex = 1; lastKnownFileType = text.xcconfig; name = "Pods-DependencyInjectionResolver.debug(development).xcconfig"; path = "../Pods/Target Support Files/Pods-DependencyInjectionResolver/Pods-DependencyInjectionResolver.debug(development).xcconfig"; sourceTree = "<group>"; };
		1692BBE32B15EBA2C093076B /* Pods-DependencyInjectionResolverTests.release(production).xcconfig */ = {isa = PBXFileReference; includeInIndex = 1; lastKnownFileType = text.xcconfig; name = "Pods-DependencyInjectionResolverTests.release(production).xcconfig"; path = "../Pods/Target Support Files/Pods-DependencyInjectionResolverTests/Pods-DependencyInjectionResolverTests.release(production).xcconfig"; sourceTree = "<group>"; };
		19C5E80C282D8749D717E842 /* Pods-DependencyInjectionResolver.release(development).xcconfig */ = {isa = PBXFileReference; includeInIndex = 1; lastKnownFileType = text.xcconfig; name = "Pods-DependencyInjectionResolver.release(development).xcconfig"; path = "../Pods/Target Support Files/Pods-DependencyInjectionResolver/Pods-DependencyInjectionResolver.release(development).xcconfig"; sourceTree = "<group>"; };
		44086500DF4FCD04CAD969C7 /* Pods-DependencyInjectionResolver.release.xcconfig */ = {isa = PBXFileReference; includeInIndex = 1; lastKnownFileType = text.xcconfig; name = "Pods-DependencyInjectionResolver.release.xcconfig"; path = "../Pods/Target Support Files/Pods-DependencyInjectionResolver/Pods-DependencyInjectionResolver.release.xcconfig"; sourceTree = "<group>"; };
		61684857163CF0154A436C7C /* Pods-DependencyInjectionResolver.debug.xcconfig */ = {isa = PBXFileReference; includeInIndex = 1; lastKnownFileType = text.xcconfig; name = "Pods-DependencyInjectionResolver.debug.xcconfig"; path = "../Pods/Target Support Files/Pods-DependencyInjectionResolver/Pods-DependencyInjectionResolver.debug.xcconfig"; sourceTree = "<group>"; };
		6469B7BE6BCBE3D1AA69FA8F /* Pods-DependencyInjectionResolver.debug(production).xcconfig */ = {isa = PBXFileReference; includeInIndex = 1; lastKnownFileType = text.xcconfig; name = "Pods-DependencyInjectionResolver.debug(production).xcconfig"; path = "../Pods/Target Support Files/Pods-DependencyInjectionResolver/Pods-DependencyInjectionResolver.debug(production).xcconfig"; sourceTree = "<group>"; };
		7013711FF16D5CA8708D334E /* Pods-DependencyInjectionResolver.release(production).xcconfig */ = {isa = PBXFileReference; includeInIndex = 1; lastKnownFileType = text.xcconfig; name = "Pods-DependencyInjectionResolver.release(production).xcconfig"; path = "../Pods/Target Support Files/Pods-DependencyInjectionResolver/Pods-DependencyInjectionResolver.release(production).xcconfig"; sourceTree = "<group>"; };
		8659DE6703CE4AC32152E46E /* Pods-DependencyInjectionResolverTests.debug(development).xcconfig */ = {isa = PBXFileReference; includeInIndex = 1; lastKnownFileType = text.xcconfig; name = "Pods-DependencyInjectionResolverTests.debug(development).xcconfig"; path = "../Pods/Target Support Files/Pods-DependencyInjectionResolverTests/Pods-DependencyInjectionResolverTests.debug(development).xcconfig"; sourceTree = "<group>"; };
		90F7756D1ECFD8DB95E72D2E /* Pods-DependencyInjectionResolverTests.debug(production).xcconfig */ = {isa = PBXFileReference; includeInIndex = 1; lastKnownFileType = text.xcconfig; name = "Pods-DependencyInjectionResolverTests.debug(production).xcconfig"; path = "../Pods/Target Support Files/Pods-DependencyInjectionResolverTests/Pods-DependencyInjectionResolverTests.debug(production).xcconfig"; sourceTree = "<group>"; };
		941D30A3323159A6234C9DB0 /* Pods_DependencyInjectionResolverTests.framework */ = {isa = PBXFileReference; explicitFileType = wrapper.framework; includeInIndex = 0; path = Pods_DependencyInjectionResolverTests.framework; sourceTree = BUILT_PRODUCTS_DIR; };
		B8AB5DE0A350EFFAC69C6CB0 /* Pods_DependencyInjectionResolver.framework */ = {isa = PBXFileReference; explicitFileType = wrapper.framework; includeInIndex = 0; path = Pods_DependencyInjectionResolver.framework; sourceTree = BUILT_PRODUCTS_DIR; };
		C1313E642352C3FB00E53789 /* Category.framework */ = {isa = PBXFileReference; explicitFileType = wrapper.framework; path = Category.framework; sourceTree = BUILT_PRODUCTS_DIR; };
		C1988404235229D200A15114 /* DependencyInjectionResolver.framework */ = {isa = PBXFileReference; explicitFileType = wrapper.framework; includeInIndex = 0; path = DependencyInjectionResolver.framework; sourceTree = BUILT_PRODUCTS_DIR; };
		C1988407235229D200A15114 /* DependencyInjectionResolver.h */ = {isa = PBXFileReference; lastKnownFileType = sourcecode.c.h; path = DependencyInjectionResolver.h; sourceTree = "<group>"; };
		C1988408235229D200A15114 /* Info.plist */ = {isa = PBXFileReference; lastKnownFileType = text.plist.xml; path = Info.plist; sourceTree = "<group>"; };
		C198840D235229D200A15114 /* DependencyInjectionResolverTests.xctest */ = {isa = PBXFileReference; explicitFileType = wrapper.cfbundle; includeInIndex = 0; path = DependencyInjectionResolverTests.xctest; sourceTree = BUILT_PRODUCTS_DIR; };
		C1988412235229D200A15114 /* DependencyInjectionResolverTests.swift */ = {isa = PBXFileReference; lastKnownFileType = sourcecode.swift; path = DependencyInjectionResolverTests.swift; sourceTree = "<group>"; };
		C1988414235229D200A15114 /* Info.plist */ = {isa = PBXFileReference; lastKnownFileType = text.plist.xml; path = Info.plist; sourceTree = "<group>"; };
		C1A984742352B2B200C438C8 /* DependencyInjectionPort.swift */ = {isa = PBXFileReference; lastKnownFileType = sourcecode.swift; path = DependencyInjectionPort.swift; sourceTree = "<group>"; };
		C1A9847A2352B81200C438C8 /* DependencyInjectionResolver+Injection.swift */ = {isa = PBXFileReference; lastKnownFileType = sourcecode.swift; path = "DependencyInjectionResolver+Injection.swift"; sourceTree = "<group>"; };
		C1A9847C2352B84000C438C8 /* DependencyInjectionResolver.swift */ = {isa = PBXFileReference; lastKnownFileType = sourcecode.swift; path = DependencyInjectionResolver.swift; sourceTree = "<group>"; };
		C1C25EF7235235BB008ACEF0 /* Authentication.framework */ = {isa = PBXFileReference; explicitFileType = wrapper.framework; path = Authentication.framework; sourceTree = BUILT_PRODUCTS_DIR; };
		C1C25EF8235235BB008ACEF0 /* Domain.framework */ = {isa = PBXFileReference; explicitFileType = wrapper.framework; path = Domain.framework; sourceTree = BUILT_PRODUCTS_DIR; };
		C1C25EF9235235BB008ACEF0 /* PlatformFirebase.framework */ = {isa = PBXFileReference; explicitFileType = wrapper.framework; path = PlatformFirebase.framework; sourceTree = BUILT_PRODUCTS_DIR; };
		FDEA2F9A54B6D51CC8BB2F6C /* Pods_DependencyInjectionResolver_DependencyInjectionResolverTests.framework */ = {isa = PBXFileReference; explicitFileType = wrapper.framework; includeInIndex = 0; path = Pods_DependencyInjectionResolver_DependencyInjectionResolverTests.framework; sourceTree = BUILT_PRODUCTS_DIR; };
/* End PBXFileReference section */

/* Begin PBXFrameworksBuildPhase section */
		C1988401235229D200A15114 /* Frameworks */ = {
			isa = PBXFrameworksBuildPhase;
			buildActionMask = 2147483647;
			files = (
				C1C25EFE235235BB008ACEF0 /* PlatformFirebase.framework in Frameworks */,
				C1C25EFC235235BB008ACEF0 /* Domain.framework in Frameworks */,
				C1C25EFA235235BB008ACEF0 /* Authentication.framework in Frameworks */,
				C1313E652352C3FB00E53789 /* Category.framework in Frameworks */,
				248C74715FC6195A6B30D6E3 /* Pods_DependencyInjectionResolver.framework in Frameworks */,
			);
			runOnlyForDeploymentPostprocessing = 0;
		};
		C198840A235229D200A15114 /* Frameworks */ = {
			isa = PBXFrameworksBuildPhase;
			buildActionMask = 2147483647;
			files = (
				C198840E235229D200A15114 /* DependencyInjectionResolver.framework in Frameworks */,
			);
			runOnlyForDeploymentPostprocessing = 0;
		};
/* End PBXFrameworksBuildPhase section */

/* Begin PBXGroup section */
		60CC072C394DB8434085A7D3 /* Pods */ = {
			isa = PBXGroup;
			children = (
				61684857163CF0154A436C7C /* Pods-DependencyInjectionResolver.debug.xcconfig */,
				44086500DF4FCD04CAD969C7 /* Pods-DependencyInjectionResolver.release.xcconfig */,
				6469B7BE6BCBE3D1AA69FA8F /* Pods-DependencyInjectionResolver.debug(production).xcconfig */,
				0DE4E9784CDA610AD21395D0 /* Pods-DependencyInjectionResolver.debug(development).xcconfig */,
				7013711FF16D5CA8708D334E /* Pods-DependencyInjectionResolver.release(production).xcconfig */,
				19C5E80C282D8749D717E842 /* Pods-DependencyInjectionResolver.release(development).xcconfig */,
				90F7756D1ECFD8DB95E72D2E /* Pods-DependencyInjectionResolverTests.debug(production).xcconfig */,
				8659DE6703CE4AC32152E46E /* Pods-DependencyInjectionResolverTests.debug(development).xcconfig */,
				1692BBE32B15EBA2C093076B /* Pods-DependencyInjectionResolverTests.release(production).xcconfig */,
				0A58514AE2CD86CD4F280A76 /* Pods-DependencyInjectionResolverTests.release(development).xcconfig */,
			);
			name = Pods;
			sourceTree = "<group>";
		};
		9DA2DFFF9C15FAF384B817F8 /* Frameworks */ = {
			isa = PBXGroup;
			children = (
				C1313E642352C3FB00E53789 /* Category.framework */,
				C1C25EF7235235BB008ACEF0 /* Authentication.framework */,
				C1C25EF8235235BB008ACEF0 /* Domain.framework */,
				C1C25EF9235235BB008ACEF0 /* PlatformFirebase.framework */,
				B8AB5DE0A350EFFAC69C6CB0 /* Pods_DependencyInjectionResolver.framework */,
				941D30A3323159A6234C9DB0 /* Pods_DependencyInjectionResolverTests.framework */,
				FDEA2F9A54B6D51CC8BB2F6C /* Pods_DependencyInjectionResolver_DependencyInjectionResolverTests.framework */,
			);
			name = Frameworks;
			sourceTree = "<group>";
		};
		C19883FA235229D200A15114 = {
			isa = PBXGroup;
			children = (
				C1988406235229D200A15114 /* DependencyInjectionResolver */,
				C1988411235229D200A15114 /* DependencyInjectionResolverTests */,
				C1988405235229D200A15114 /* Products */,
				60CC072C394DB8434085A7D3 /* Pods */,
				9DA2DFFF9C15FAF384B817F8 /* Frameworks */,
			);
			sourceTree = "<group>";
		};
		C1988405235229D200A15114 /* Products */ = {
			isa = PBXGroup;
			children = (
				C1988404235229D200A15114 /* DependencyInjectionResolver.framework */,
				C198840D235229D200A15114 /* DependencyInjectionResolverTests.xctest */,
			);
			name = Products;
			sourceTree = "<group>";
		};
		C1988406235229D200A15114 /* DependencyInjectionResolver */ = {
			isa = PBXGroup;
			children = (
				C1C25EE1235231A0008ACEF0 /* Ports */,
				C1C25EE023523103008ACEF0 /* Injections */,
				C1988407235229D200A15114 /* DependencyInjectionResolver.h */,
				C1988408235229D200A15114 /* Info.plist */,
				C1A9847C2352B84000C438C8 /* DependencyInjectionResolver.swift */,
			);
			path = DependencyInjectionResolver;
			sourceTree = "<group>";
		};
		C1988411235229D200A15114 /* DependencyInjectionResolverTests */ = {
			isa = PBXGroup;
			children = (
				C1988412235229D200A15114 /* DependencyInjectionResolverTests.swift */,
				C1988414235229D200A15114 /* Info.plist */,
			);
			path = DependencyInjectionResolverTests;
			sourceTree = "<group>";
		};
		C1C25EE023523103008ACEF0 /* Injections */ = {
			isa = PBXGroup;
			children = (
				C1A9847A2352B81200C438C8 /* DependencyInjectionResolver+Injection.swift */,
			);
			path = Injections;
			sourceTree = "<group>";
		};
		C1C25EE1235231A0008ACEF0 /* Ports */ = {
			isa = PBXGroup;
			children = (
				C1A984742352B2B200C438C8 /* DependencyInjectionPort.swift */,
			);
			path = Ports;
			sourceTree = "<group>";
		};
/* End PBXGroup section */

/* Begin PBXHeadersBuildPhase section */
		C19883FF235229D200A15114 /* Headers */ = {
			isa = PBXHeadersBuildPhase;
			buildActionMask = 2147483647;
			files = (
				C1988415235229D200A15114 /* DependencyInjectionResolver.h in Headers */,
			);
			runOnlyForDeploymentPostprocessing = 0;
		};
/* End PBXHeadersBuildPhase section */

/* Begin PBXNativeTarget section */
		C1988403235229D200A15114 /* DependencyInjectionResolver */ = {
			isa = PBXNativeTarget;
			buildConfigurationList = C1988418235229D200A15114 /* Build configuration list for PBXNativeTarget "DependencyInjectionResolver" */;
			buildPhases = (
				6B679B53C2778E475EC0E8DE /* [CP] Check Pods Manifest.lock */,
				C19883FF235229D200A15114 /* Headers */,
				C1988400235229D200A15114 /* Sources */,
				C1988401235229D200A15114 /* Frameworks */,
				C1988402235229D200A15114 /* Resources */,
				C1C25F00235235BB008ACEF0 /* Embed Frameworks */,
				8164ACB86449A2DE2260240C /* [CP] Copy Pods Resources */,
			);
			buildRules = (
			);
			dependencies = (
			);
			name = DependencyInjectionResolver;
			productName = DependencyInjectionResolver;
			productReference = C1988404235229D200A15114 /* DependencyInjectionResolver.framework */;
			productType = "com.apple.product-type.framework";
		};
		C198840C235229D200A15114 /* DependencyInjectionResolverTests */ = {
			isa = PBXNativeTarget;
			buildConfigurationList = C198841B235229D200A15114 /* Build configuration list for PBXNativeTarget "DependencyInjectionResolverTests" */;
			buildPhases = (
				C1988409235229D200A15114 /* Sources */,
				C198840A235229D200A15114 /* Frameworks */,
				C198840B235229D200A15114 /* Resources */,
			);
			buildRules = (
			);
			dependencies = (
				C1988410235229D200A15114 /* PBXTargetDependency */,
			);
			name = DependencyInjectionResolverTests;
			productName = DependencyInjectionResolverTests;
			productReference = C198840D235229D200A15114 /* DependencyInjectionResolverTests.xctest */;
			productType = "com.apple.product-type.bundle.unit-test";
		};
/* End PBXNativeTarget section */

/* Begin PBXProject section */
		C19883FB235229D200A15114 /* Project object */ = {
			isa = PBXProject;
			attributes = {
				LastSwiftUpdateCheck = 1100;
				LastUpgradeCheck = 1100;
				ORGANIZATIONNAME = "Yair Carreno";
				TargetAttributes = {
					C1988403235229D200A15114 = {
						CreatedOnToolsVersion = 11.0;
						LastSwiftMigration = 1100;
					};
					C198840C235229D200A15114 = {
						CreatedOnToolsVersion = 11.0;
					};
				};
			};
			buildConfigurationList = C19883FE235229D200A15114 /* Build configuration list for PBXProject "DependencyInjectionResolver" */;
			compatibilityVersion = "Xcode 9.3";
			developmentRegion = en;
			hasScannedForEncodings = 0;
			knownRegions = (
				en,
				Base,
			);
			mainGroup = C19883FA235229D200A15114;
			productRefGroup = C1988405235229D200A15114 /* Products */;
			projectDirPath = "";
			projectRoot = "";
			targets = (
				C1988403235229D200A15114 /* DependencyInjectionResolver */,
				C198840C235229D200A15114 /* DependencyInjectionResolverTests */,
			);
		};
/* End PBXProject section */

/* Begin PBXResourcesBuildPhase section */
		C1988402235229D200A15114 /* Resources */ = {
			isa = PBXResourcesBuildPhase;
			buildActionMask = 2147483647;
			files = (
			);
			runOnlyForDeploymentPostprocessing = 0;
		};
		C198840B235229D200A15114 /* Resources */ = {
			isa = PBXResourcesBuildPhase;
			buildActionMask = 2147483647;
			files = (
			);
			runOnlyForDeploymentPostprocessing = 0;
		};
/* End PBXResourcesBuildPhase section */

/* Begin PBXShellScriptBuildPhase section */
		6B679B53C2778E475EC0E8DE /* [CP] Check Pods Manifest.lock */ = {
			isa = PBXShellScriptBuildPhase;
			buildActionMask = 2147483647;
			files = (
			);
			inputFileListPaths = (
			);
			inputPaths = (
				"${PODS_PODFILE_DIR_PATH}/Podfile.lock",
				"${PODS_ROOT}/Manifest.lock",
			);
			name = "[CP] Check Pods Manifest.lock";
			outputFileListPaths = (
			);
			outputPaths = (
				"$(DERIVED_FILE_DIR)/Pods-DependencyInjectionResolver-checkManifestLockResult.txt",
			);
			runOnlyForDeploymentPostprocessing = 0;
			shellPath = /bin/sh;
			shellScript = "diff \"${PODS_PODFILE_DIR_PATH}/Podfile.lock\" \"${PODS_ROOT}/Manifest.lock\" > /dev/null\nif [ $? != 0 ] ; then\n    # print error to STDERR\n    echo \"error: The sandbox is not in sync with the Podfile.lock. Run 'pod install' or update your CocoaPods installation.\" >&2\n    exit 1\nfi\n# This output is used by Xcode 'outputs' to avoid re-running this script phase.\necho \"SUCCESS\" > \"${SCRIPT_OUTPUT_FILE_0}\"\n";
			showEnvVarsInLog = 0;
		};
		8164ACB86449A2DE2260240C /* [CP] Copy Pods Resources */ = {
			isa = PBXShellScriptBuildPhase;
			buildActionMask = 2147483647;
			files = (
			);
			inputFileListPaths = (
			);
			inputPaths = (
				"${SRCROOT}/../Pods/Target Support Files/Pods-DependencyInjectionResolver/Pods-DependencyInjectionResolver-resources.sh",
				"${PODS_CONFIGURATION_BUILD_DIR}/FirebaseUI/FirebaseAuthUI.bundle",
				"${PODS_CONFIGURATION_BUILD_DIR}/FirebaseUI/FirebaseGoogleAuthUI.bundle",
				"${PODS_ROOT}/GoogleSignIn/Resources/GoogleSignIn.bundle",
			);
			name = "[CP] Copy Pods Resources";
			outputFileListPaths = (
			);
			outputPaths = (
				"${TARGET_BUILD_DIR}/${UNLOCALIZED_RESOURCES_FOLDER_PATH}/FirebaseAuthUI.bundle",
				"${TARGET_BUILD_DIR}/${UNLOCALIZED_RESOURCES_FOLDER_PATH}/FirebaseGoogleAuthUI.bundle",
				"${TARGET_BUILD_DIR}/${UNLOCALIZED_RESOURCES_FOLDER_PATH}/GoogleSignIn.bundle",
			);
			runOnlyForDeploymentPostprocessing = 0;
			shellPath = /bin/sh;
			shellScript = "\"${SRCROOT}/../Pods/Target Support Files/Pods-DependencyInjectionResolver/Pods-DependencyInjectionResolver-resources.sh\"\n";
			showEnvVarsInLog = 0;
		};
/* End PBXShellScriptBuildPhase section */

/* Begin PBXSourcesBuildPhase section */
		C1988400235229D200A15114 /* Sources */ = {
			isa = PBXSourcesBuildPhase;
			buildActionMask = 2147483647;
			files = (
				C1A9847B2352B81200C438C8 /* DependencyInjectionResolver+Injection.swift in Sources */,
				C1A9847D2352B84000C438C8 /* DependencyInjectionResolver.swift in Sources */,
				C1A984752352B2B200C438C8 /* DependencyInjectionPort.swift in Sources */,
			);
			runOnlyForDeploymentPostprocessing = 0;
		};
		C1988409235229D200A15114 /* Sources */ = {
			isa = PBXSourcesBuildPhase;
			buildActionMask = 2147483647;
			files = (
				C1988413235229D200A15114 /* DependencyInjectionResolverTests.swift in Sources */,
			);
			runOnlyForDeploymentPostprocessing = 0;
		};
/* End PBXSourcesBuildPhase section */

/* Begin PBXTargetDependency section */
		C1988410235229D200A15114 /* PBXTargetDependency */ = {
			isa = PBXTargetDependency;
			target = C1988403235229D200A15114 /* DependencyInjectionResolver */;
			targetProxy = C198840F235229D200A15114 /* PBXContainerItemProxy */;
		};
/* End PBXTargetDependency section */

/* Begin XCBuildConfiguration section */
		C1313E9B2352D37100E53789 /* Debug(development) */ = {
			isa = XCBuildConfiguration;
			buildSettings = {
				ALWAYS_SEARCH_USER_PATHS = NO;
				CLANG_ANALYZER_NONNULL = YES;
				CLANG_ANALYZER_NUMBER_OBJECT_CONVERSION = YES_AGGRESSIVE;
				CLANG_CXX_LANGUAGE_STANDARD = "gnu++14";
				CLANG_CXX_LIBRARY = "libc++";
				CLANG_ENABLE_MODULES = YES;
				CLANG_ENABLE_OBJC_ARC = YES;
				CLANG_ENABLE_OBJC_WEAK = YES;
				CLANG_WARN_BLOCK_CAPTURE_AUTORELEASING = YES;
				CLANG_WARN_BOOL_CONVERSION = YES;
				CLANG_WARN_COMMA = YES;
				CLANG_WARN_CONSTANT_CONVERSION = YES;
				CLANG_WARN_DEPRECATED_OBJC_IMPLEMENTATIONS = YES;
				CLANG_WARN_DIRECT_OBJC_ISA_USAGE = YES_ERROR;
				CLANG_WARN_DOCUMENTATION_COMMENTS = YES;
				CLANG_WARN_EMPTY_BODY = YES;
				CLANG_WARN_ENUM_CONVERSION = YES;
				CLANG_WARN_INFINITE_RECURSION = YES;
				CLANG_WARN_INT_CONVERSION = YES;
				CLANG_WARN_NON_LITERAL_NULL_CONVERSION = YES;
				CLANG_WARN_OBJC_IMPLICIT_RETAIN_SELF = YES;
				CLANG_WARN_OBJC_LITERAL_CONVERSION = YES;
				CLANG_WARN_OBJC_ROOT_CLASS = YES_ERROR;
				CLANG_WARN_RANGE_LOOP_ANALYSIS = YES;
				CLANG_WARN_STRICT_PROTOTYPES = YES;
				CLANG_WARN_SUSPICIOUS_MOVE = YES;
				CLANG_WARN_UNGUARDED_AVAILABILITY = YES_AGGRESSIVE;
				CLANG_WARN_UNREACHABLE_CODE = YES;
				CLANG_WARN__DUPLICATE_METHOD_MATCH = YES;
				COPY_PHASE_STRIP = NO;
				CURRENT_PROJECT_VERSION = 1;
				DEBUG_INFORMATION_FORMAT = dwarf;
				ENABLE_STRICT_OBJC_MSGSEND = YES;
				ENABLE_TESTABILITY = YES;
				GCC_C_LANGUAGE_STANDARD = gnu11;
				GCC_DYNAMIC_NO_PIC = NO;
				GCC_NO_COMMON_BLOCKS = YES;
				GCC_OPTIMIZATION_LEVEL = 0;
				GCC_PREPROCESSOR_DEFINITIONS = (
					"DEBUG=1",
					"$(inherited)",
				);
				GCC_WARN_64_TO_32_BIT_CONVERSION = YES;
				GCC_WARN_ABOUT_RETURN_TYPE = YES_ERROR;
				GCC_WARN_UNDECLARED_SELECTOR = YES;
				GCC_WARN_UNINITIALIZED_AUTOS = YES_AGGRESSIVE;
				GCC_WARN_UNUSED_FUNCTION = YES;
				GCC_WARN_UNUSED_VARIABLE = YES;
				IPHONEOS_DEPLOYMENT_TARGET = 13.0;
				MTL_ENABLE_DEBUG_INFO = INCLUDE_SOURCE;
				MTL_FAST_MATH = YES;
				ONLY_ACTIVE_ARCH = YES;
				SDKROOT = iphoneos;
				SWIFT_ACTIVE_COMPILATION_CONDITIONS = DEBUG;
				SWIFT_OPTIMIZATION_LEVEL = "-Onone";
				VERSIONING_SYSTEM = "apple-generic";
				VERSION_INFO_PREFIX = "";
			};
			name = "Debug(development)";
		};
		C1313E9C2352D37100E53789 /* Debug(development) */ = {
			isa = XCBuildConfiguration;
			baseConfigurationReference = 0DE4E9784CDA610AD21395D0 /* Pods-DependencyInjectionResolver.debug(development).xcconfig */;
			buildSettings = {
				CLANG_ENABLE_MODULES = YES;
				CODE_SIGN_STYLE = Automatic;
				DEFINES_MODULE = YES;
				DEVELOPMENT_TEAM = WR8HB795UH;
				DYLIB_COMPATIBILITY_VERSION = 1;
				DYLIB_CURRENT_VERSION = 1;
				DYLIB_INSTALL_NAME_BASE = "@rpath";
				INFOPLIST_FILE = DependencyInjectionResolver/Info.plist;
				INSTALL_PATH = "$(LOCAL_LIBRARY_DIR)/Frameworks";
				LD_RUNPATH_SEARCH_PATHS = (
					"$(inherited)",
					"@executable_path/Frameworks",
					"@loader_path/Frameworks",
				);
				PRODUCT_BUNDLE_IDENTIFIER = com.clean.architecture.DependencyInjectionResolver;
				PRODUCT_NAME = "$(TARGET_NAME:c99extidentifier)";
				SKIP_INSTALL = YES;
				SWIFT_OPTIMIZATION_LEVEL = "-Onone";
				SWIFT_VERSION = 5.0;
				TARGETED_DEVICE_FAMILY = "1,2";
			};
			name = "Debug(development)";
		};
		C1313E9D2352D37100E53789 /* Debug(development) */ = {
			isa = XCBuildConfiguration;
			buildSettings = {
				ALWAYS_EMBED_SWIFT_STANDARD_LIBRARIES = YES;
				CODE_SIGN_STYLE = Automatic;
				DEVELOPMENT_TEAM = WR8HB795UH;
				INFOPLIST_FILE = DependencyInjectionResolverTests/Info.plist;
				LD_RUNPATH_SEARCH_PATHS = (
					"$(inherited)",
					"@executable_path/Frameworks",
					"@loader_path/Frameworks",
				);
				PRODUCT_BUNDLE_IDENTIFIER = com.clean.architecture.DependencyInjectionResolverTests;
				PRODUCT_NAME = "$(TARGET_NAME)";
				SWIFT_VERSION = 5.0;
				TARGETED_DEVICE_FAMILY = "1,2";
			};
			name = "Debug(development)";
		};
		C1313E9E2352D38800E53789 /* Release(development) */ = {
			isa = XCBuildConfiguration;
			buildSettings = {
				ALWAYS_SEARCH_USER_PATHS = NO;
				CLANG_ANALYZER_NONNULL = YES;
				CLANG_ANALYZER_NUMBER_OBJECT_CONVERSION = YES_AGGRESSIVE;
				CLANG_CXX_LANGUAGE_STANDARD = "gnu++14";
				CLANG_CXX_LIBRARY = "libc++";
				CLANG_ENABLE_MODULES = YES;
				CLANG_ENABLE_OBJC_ARC = YES;
				CLANG_ENABLE_OBJC_WEAK = YES;
				CLANG_WARN_BLOCK_CAPTURE_AUTORELEASING = YES;
				CLANG_WARN_BOOL_CONVERSION = YES;
				CLANG_WARN_COMMA = YES;
				CLANG_WARN_CONSTANT_CONVERSION = YES;
				CLANG_WARN_DEPRECATED_OBJC_IMPLEMENTATIONS = YES;
				CLANG_WARN_DIRECT_OBJC_ISA_USAGE = YES_ERROR;
				CLANG_WARN_DOCUMENTATION_COMMENTS = YES;
				CLANG_WARN_EMPTY_BODY = YES;
				CLANG_WARN_ENUM_CONVERSION = YES;
				CLANG_WARN_INFINITE_RECURSION = YES;
				CLANG_WARN_INT_CONVERSION = YES;
				CLANG_WARN_NON_LITERAL_NULL_CONVERSION = YES;
				CLANG_WARN_OBJC_IMPLICIT_RETAIN_SELF = YES;
				CLANG_WARN_OBJC_LITERAL_CONVERSION = YES;
				CLANG_WARN_OBJC_ROOT_CLASS = YES_ERROR;
				CLANG_WARN_RANGE_LOOP_ANALYSIS = YES;
				CLANG_WARN_STRICT_PROTOTYPES = YES;
				CLANG_WARN_SUSPICIOUS_MOVE = YES;
				CLANG_WARN_UNGUARDED_AVAILABILITY = YES_AGGRESSIVE;
				CLANG_WARN_UNREACHABLE_CODE = YES;
				CLANG_WARN__DUPLICATE_METHOD_MATCH = YES;
				COPY_PHASE_STRIP = NO;
				CURRENT_PROJECT_VERSION = 1;
				DEBUG_INFORMATION_FORMAT = "dwarf-with-dsym";
				ENABLE_NS_ASSERTIONS = NO;
				ENABLE_STRICT_OBJC_MSGSEND = YES;
				GCC_C_LANGUAGE_STANDARD = gnu11;
				GCC_NO_COMMON_BLOCKS = YES;
				GCC_WARN_64_TO_32_BIT_CONVERSION = YES;
				GCC_WARN_ABOUT_RETURN_TYPE = YES_ERROR;
				GCC_WARN_UNDECLARED_SELECTOR = YES;
				GCC_WARN_UNINITIALIZED_AUTOS = YES_AGGRESSIVE;
				GCC_WARN_UNUSED_FUNCTION = YES;
				GCC_WARN_UNUSED_VARIABLE = YES;
				IPHONEOS_DEPLOYMENT_TARGET = 13.0;
				MTL_ENABLE_DEBUG_INFO = NO;
				MTL_FAST_MATH = YES;
				SDKROOT = iphoneos;
				SWIFT_COMPILATION_MODE = wholemodule;
				SWIFT_OPTIMIZATION_LEVEL = "-O";
				VALIDATE_PRODUCT = YES;
				VERSIONING_SYSTEM = "apple-generic";
				VERSION_INFO_PREFIX = "";
			};
			name = "Release(development)";
		};
		C1313E9F2352D38800E53789 /* Release(development) */ = {
			isa = XCBuildConfiguration;
			baseConfigurationReference = 19C5E80C282D8749D717E842 /* Pods-DependencyInjectionResolver.release(development).xcconfig */;
			buildSettings = {
				CLANG_ENABLE_MODULES = YES;
				CODE_SIGN_STYLE = Automatic;
				DEFINES_MODULE = YES;
				DEVELOPMENT_TEAM = WR8HB795UH;
				DYLIB_COMPATIBILITY_VERSION = 1;
				DYLIB_CURRENT_VERSION = 1;
				DYLIB_INSTALL_NAME_BASE = "@rpath";
				INFOPLIST_FILE = DependencyInjectionResolver/Info.plist;
				INSTALL_PATH = "$(LOCAL_LIBRARY_DIR)/Frameworks";
				LD_RUNPATH_SEARCH_PATHS = (
					"$(inherited)",
					"@executable_path/Frameworks",
					"@loader_path/Frameworks",
				);
				PRODUCT_BUNDLE_IDENTIFIER = com.clean.architecture.DependencyInjectionResolver;
				PRODUCT_NAME = "$(TARGET_NAME:c99extidentifier)";
				SKIP_INSTALL = YES;
				SWIFT_VERSION = 5.0;
				TARGETED_DEVICE_FAMILY = "1,2";
			};
			name = "Release(development)";
		};
		C1313EA02352D38800E53789 /* Release(development) */ = {
			isa = XCBuildConfiguration;
			buildSettings = {
				ALWAYS_EMBED_SWIFT_STANDARD_LIBRARIES = YES;
				CODE_SIGN_STYLE = Automatic;
				DEVELOPMENT_TEAM = WR8HB795UH;
				INFOPLIST_FILE = DependencyInjectionResolverTests/Info.plist;
				LD_RUNPATH_SEARCH_PATHS = (
					"$(inherited)",
					"@executable_path/Frameworks",
					"@loader_path/Frameworks",
				);
				PRODUCT_BUNDLE_IDENTIFIER = com.clean.architecture.DependencyInjectionResolverTests;
				PRODUCT_NAME = "$(TARGET_NAME)";
				SWIFT_VERSION = 5.0;
				TARGETED_DEVICE_FAMILY = "1,2";
			};
			name = "Release(development)";
		};
		C1988416235229D200A15114 /* Debug(production) */ = {
			isa = XCBuildConfiguration;
			buildSettings = {
				ALWAYS_SEARCH_USER_PATHS = NO;
				CLANG_ANALYZER_NONNULL = YES;
				CLANG_ANALYZER_NUMBER_OBJECT_CONVERSION = YES_AGGRESSIVE;
				CLANG_CXX_LANGUAGE_STANDARD = "gnu++14";
				CLANG_CXX_LIBRARY = "libc++";
				CLANG_ENABLE_MODULES = YES;
				CLANG_ENABLE_OBJC_ARC = YES;
				CLANG_ENABLE_OBJC_WEAK = YES;
				CLANG_WARN_BLOCK_CAPTURE_AUTORELEASING = YES;
				CLANG_WARN_BOOL_CONVERSION = YES;
				CLANG_WARN_COMMA = YES;
				CLANG_WARN_CONSTANT_CONVERSION = YES;
				CLANG_WARN_DEPRECATED_OBJC_IMPLEMENTATIONS = YES;
				CLANG_WARN_DIRECT_OBJC_ISA_USAGE = YES_ERROR;
				CLANG_WARN_DOCUMENTATION_COMMENTS = YES;
				CLANG_WARN_EMPTY_BODY = YES;
				CLANG_WARN_ENUM_CONVERSION = YES;
				CLANG_WARN_INFINITE_RECURSION = YES;
				CLANG_WARN_INT_CONVERSION = YES;
				CLANG_WARN_NON_LITERAL_NULL_CONVERSION = YES;
				CLANG_WARN_OBJC_IMPLICIT_RETAIN_SELF = YES;
				CLANG_WARN_OBJC_LITERAL_CONVERSION = YES;
				CLANG_WARN_OBJC_ROOT_CLASS = YES_ERROR;
				CLANG_WARN_RANGE_LOOP_ANALYSIS = YES;
				CLANG_WARN_STRICT_PROTOTYPES = YES;
				CLANG_WARN_SUSPICIOUS_MOVE = YES;
				CLANG_WARN_UNGUARDED_AVAILABILITY = YES_AGGRESSIVE;
				CLANG_WARN_UNREACHABLE_CODE = YES;
				CLANG_WARN__DUPLICATE_METHOD_MATCH = YES;
				COPY_PHASE_STRIP = NO;
				CURRENT_PROJECT_VERSION = 1;
				DEBUG_INFORMATION_FORMAT = dwarf;
				ENABLE_STRICT_OBJC_MSGSEND = YES;
				ENABLE_TESTABILITY = YES;
				GCC_C_LANGUAGE_STANDARD = gnu11;
				GCC_DYNAMIC_NO_PIC = NO;
				GCC_NO_COMMON_BLOCKS = YES;
				GCC_OPTIMIZATION_LEVEL = 0;
				GCC_PREPROCESSOR_DEFINITIONS = (
					"DEBUG=1",
					"$(inherited)",
				);
				GCC_WARN_64_TO_32_BIT_CONVERSION = YES;
				GCC_WARN_ABOUT_RETURN_TYPE = YES_ERROR;
				GCC_WARN_UNDECLARED_SELECTOR = YES;
				GCC_WARN_UNINITIALIZED_AUTOS = YES_AGGRESSIVE;
				GCC_WARN_UNUSED_FUNCTION = YES;
				GCC_WARN_UNUSED_VARIABLE = YES;
				IPHONEOS_DEPLOYMENT_TARGET = 13.0;
				MTL_ENABLE_DEBUG_INFO = INCLUDE_SOURCE;
				MTL_FAST_MATH = YES;
				ONLY_ACTIVE_ARCH = YES;
				SDKROOT = iphoneos;
				SWIFT_ACTIVE_COMPILATION_CONDITIONS = DEBUG;
				SWIFT_OPTIMIZATION_LEVEL = "-Onone";
				VERSIONING_SYSTEM = "apple-generic";
				VERSION_INFO_PREFIX = "";
			};
			name = "Debug(production)";
		};
		C1988417235229D200A15114 /* Release(production) */ = {
			isa = XCBuildConfiguration;
			buildSettings = {
				ALWAYS_SEARCH_USER_PATHS = NO;
				CLANG_ANALYZER_NONNULL = YES;
				CLANG_ANALYZER_NUMBER_OBJECT_CONVERSION = YES_AGGRESSIVE;
				CLANG_CXX_LANGUAGE_STANDARD = "gnu++14";
				CLANG_CXX_LIBRARY = "libc++";
				CLANG_ENABLE_MODULES = YES;
				CLANG_ENABLE_OBJC_ARC = YES;
				CLANG_ENABLE_OBJC_WEAK = YES;
				CLANG_WARN_BLOCK_CAPTURE_AUTORELEASING = YES;
				CLANG_WARN_BOOL_CONVERSION = YES;
				CLANG_WARN_COMMA = YES;
				CLANG_WARN_CONSTANT_CONVERSION = YES;
				CLANG_WARN_DEPRECATED_OBJC_IMPLEMENTATIONS = YES;
				CLANG_WARN_DIRECT_OBJC_ISA_USAGE = YES_ERROR;
				CLANG_WARN_DOCUMENTATION_COMMENTS = YES;
				CLANG_WARN_EMPTY_BODY = YES;
				CLANG_WARN_ENUM_CONVERSION = YES;
				CLANG_WARN_INFINITE_RECURSION = YES;
				CLANG_WARN_INT_CONVERSION = YES;
				CLANG_WARN_NON_LITERAL_NULL_CONVERSION = YES;
				CLANG_WARN_OBJC_IMPLICIT_RETAIN_SELF = YES;
				CLANG_WARN_OBJC_LITERAL_CONVERSION = YES;
				CLANG_WARN_OBJC_ROOT_CLASS = YES_ERROR;
				CLANG_WARN_RANGE_LOOP_ANALYSIS = YES;
				CLANG_WARN_STRICT_PROTOTYPES = YES;
				CLANG_WARN_SUSPICIOUS_MOVE = YES;
				CLANG_WARN_UNGUARDED_AVAILABILITY = YES_AGGRESSIVE;
				CLANG_WARN_UNREACHABLE_CODE = YES;
				CLANG_WARN__DUPLICATE_METHOD_MATCH = YES;
				COPY_PHASE_STRIP = NO;
				CURRENT_PROJECT_VERSION = 1;
				DEBUG_INFORMATION_FORMAT = "dwarf-with-dsym";
				ENABLE_NS_ASSERTIONS = NO;
				ENABLE_STRICT_OBJC_MSGSEND = YES;
				GCC_C_LANGUAGE_STANDARD = gnu11;
				GCC_NO_COMMON_BLOCKS = YES;
				GCC_WARN_64_TO_32_BIT_CONVERSION = YES;
				GCC_WARN_ABOUT_RETURN_TYPE = YES_ERROR;
				GCC_WARN_UNDECLARED_SELECTOR = YES;
				GCC_WARN_UNINITIALIZED_AUTOS = YES_AGGRESSIVE;
				GCC_WARN_UNUSED_FUNCTION = YES;
				GCC_WARN_UNUSED_VARIABLE = YES;
				IPHONEOS_DEPLOYMENT_TARGET = 13.0;
				MTL_ENABLE_DEBUG_INFO = NO;
				MTL_FAST_MATH = YES;
				SDKROOT = iphoneos;
				SWIFT_COMPILATION_MODE = wholemodule;
				SWIFT_OPTIMIZATION_LEVEL = "-O";
				VALIDATE_PRODUCT = YES;
				VERSIONING_SYSTEM = "apple-generic";
				VERSION_INFO_PREFIX = "";
			};
			name = "Release(production)";
		};
		C1988419235229D200A15114 /* Debug(production) */ = {
			isa = XCBuildConfiguration;
			baseConfigurationReference = 6469B7BE6BCBE3D1AA69FA8F /* Pods-DependencyInjectionResolver.debug(production).xcconfig */;
			buildSettings = {
				CLANG_ENABLE_MODULES = YES;
				CODE_SIGN_STYLE = Automatic;
				DEFINES_MODULE = YES;
				DEVELOPMENT_TEAM = WR8HB795UH;
				DYLIB_COMPATIBILITY_VERSION = 1;
				DYLIB_CURRENT_VERSION = 1;
				DYLIB_INSTALL_NAME_BASE = "@rpath";
				INFOPLIST_FILE = DependencyInjectionResolver/Info.plist;
				INSTALL_PATH = "$(LOCAL_LIBRARY_DIR)/Frameworks";
				LD_RUNPATH_SEARCH_PATHS = (
					"$(inherited)",
					"@executable_path/Frameworks",
					"@loader_path/Frameworks",
				);
				PRODUCT_BUNDLE_IDENTIFIER = com.clean.architecture.DependencyInjectionResolver;
				PRODUCT_NAME = "$(TARGET_NAME:c99extidentifier)";
				SKIP_INSTALL = YES;
				SWIFT_OPTIMIZATION_LEVEL = "-Onone";
				SWIFT_VERSION = 5.0;
				TARGETED_DEVICE_FAMILY = "1,2";
			};
			name = "Debug(production)";
		};
		C198841A235229D200A15114 /* Release(production) */ = {
			isa = XCBuildConfiguration;
			baseConfigurationReference = 7013711FF16D5CA8708D334E /* Pods-DependencyInjectionResolver.release(production).xcconfig */;
			buildSettings = {
				CLANG_ENABLE_MODULES = YES;
				CODE_SIGN_STYLE = Automatic;
				DEFINES_MODULE = YES;
				DEVELOPMENT_TEAM = WR8HB795UH;
				DYLIB_COMPATIBILITY_VERSION = 1;
				DYLIB_CURRENT_VERSION = 1;
				DYLIB_INSTALL_NAME_BASE = "@rpath";
				INFOPLIST_FILE = DependencyInjectionResolver/Info.plist;
				INSTALL_PATH = "$(LOCAL_LIBRARY_DIR)/Frameworks";
				LD_RUNPATH_SEARCH_PATHS = (
					"$(inherited)",
					"@executable_path/Frameworks",
					"@loader_path/Frameworks",
				);
				PRODUCT_BUNDLE_IDENTIFIER = com.clean.architecture.DependencyInjectionResolver;
				PRODUCT_NAME = "$(TARGET_NAME:c99extidentifier)";
				SKIP_INSTALL = YES;
				SWIFT_VERSION = 5.0;
				TARGETED_DEVICE_FAMILY = "1,2";
			};
			name = "Release(production)";
		};
		C198841C235229D200A15114 /* Debug(production) */ = {
			isa = XCBuildConfiguration;
			buildSettings = {
				ALWAYS_EMBED_SWIFT_STANDARD_LIBRARIES = YES;
				CODE_SIGN_STYLE = Automatic;
				DEVELOPMENT_TEAM = WR8HB795UH;
				INFOPLIST_FILE = DependencyInjectionResolverTests/Info.plist;
				LD_RUNPATH_SEARCH_PATHS = (
					"$(inherited)",
					"@executable_path/Frameworks",
					"@loader_path/Frameworks",
				);
				PRODUCT_BUNDLE_IDENTIFIER = com.clean.architecture.DependencyInjectionResolverTests;
				PRODUCT_NAME = "$(TARGET_NAME)";
				SWIFT_VERSION = 5.0;
				TARGETED_DEVICE_FAMILY = "1,2";
			};
			name = "Debug(production)";
		};
		C198841D235229D200A15114 /* Release(production) */ = {
			isa = XCBuildConfiguration;
			buildSettings = {
				ALWAYS_EMBED_SWIFT_STANDARD_LIBRARIES = YES;
				CODE_SIGN_STYLE = Automatic;
				DEVELOPMENT_TEAM = WR8HB795UH;
				INFOPLIST_FILE = DependencyInjectionResolverTests/Info.plist;
				LD_RUNPATH_SEARCH_PATHS = (
					"$(inherited)",
					"@executable_path/Frameworks",
					"@loader_path/Frameworks",
				);
				PRODUCT_BUNDLE_IDENTIFIER = com.clean.architecture.DependencyInjectionResolverTests;
				PRODUCT_NAME = "$(TARGET_NAME)";
				SWIFT_VERSION = 5.0;
				TARGETED_DEVICE_FAMILY = "1,2";
			};
			name = "Release(production)";
		};
/* End XCBuildConfiguration section */

/* Begin XCConfigurationList section */
		C19883FE235229D200A15114 /* Build configuration list for PBXProject "DependencyInjectionResolver" */ = {
			isa = XCConfigurationList;
			buildConfigurations = (
				C1988416235229D200A15114 /* Debug(production) */,
				C1313E9B2352D37100E53789 /* Debug(development) */,
				C1988417235229D200A15114 /* Release(production) */,
				C1313E9E2352D38800E53789 /* Release(development) */,
			);
			defaultConfigurationIsVisible = 0;
			defaultConfigurationName = "Release(production)";
		};
		C1988418235229D200A15114 /* Build configuration list for PBXNativeTarget "DependencyInjectionResolver" */ = {
			isa = XCConfigurationList;
			buildConfigurations = (
				C1988419235229D200A15114 /* Debug(production) */,
				C1313E9C2352D37100E53789 /* Debug(development) */,
				C198841A235229D200A15114 /* Release(production) */,
				C1313E9F2352D38800E53789 /* Release(development) */,
			);
			defaultConfigurationIsVisible = 0;
			defaultConfigurationName = "Release(production)";
		};
		C198841B235229D200A15114 /* Build configuration list for PBXNativeTarget "DependencyInjectionResolverTests" */ = {
			isa = XCConfigurationList;
			buildConfigurations = (
				C198841C235229D200A15114 /* Debug(production) */,
				C1313E9D2352D37100E53789 /* Debug(development) */,
				C198841D235229D200A15114 /* Release(production) */,
				C1313EA02352D38800E53789 /* Release(development) */,
			);
			defaultConfigurationIsVisible = 0;
			defaultConfigurationName = "Release(production)";
		};
/* End XCConfigurationList section */
	};
	rootObject = C19883FB235229D200A15114 /* Project object */;
}
